<?xml version="1.0" encoding="UTF-8" standalone="yes" ?>
<CodeBlocks_project_file>
	<FileVersion major="1" minor="6" />
	<Project>
		<Option title="GAME" />
		<Option pch_mode="2" />
		<Option compiler="gcc" />
		<Option virtualFolders="Sources/" />
		<Build>
			<Target title="Debug">
				<Option output="bin/Debug/GAME" prefix_auto="1" extension_auto="1" />
				<Option object_output="obj/Debug/" />
				<Option type="1" />
				<Option compiler="gcc" />
				<Compiler>
					<Add option="-g" />
					<Add directory="./" />
					<Add directory="Sources" />
					<Add directory="Includes" />
				</Compiler>
			</Target>
			<Target title="Release">
				<Option output="bin/Release/GAME" prefix_auto="1" extension_auto="1" />
				<Option object_output="obj/Release/" />
				<Option type="1" />
				<Option compiler="gcc" />
				<Compiler>
					<Add option="-O2" />
					<Add directory="./" />
					<Add directory="Sources" />
					<Add directory="Includes" />
				</Compiler>
				<Linker>
					<Add option="-s" />
				</Linker>
			</Target>
		</Build>
		<Compiler>
			<Add option="-Wall" />
			<Add option="-fexceptions" />
			<Add directory="SFML/include" />
		</Compiler>
		<Linker>
			<Add library="sfml-graphics" />
			<Add library="sfml-window" />
			<Add library="sfml-system" />
			<Add directory="SFML/lib" />
		</Linker>
		<Unit filename="Includes/ENEMIGO.h" />
		<Unit filename="Includes/HEROE.h" />
		<Unit filename="Includes/MANAGER.h" />
		<Unit filename="Includes/MAPA.h" />
		<Unit filename="Includes/NPC.h" />
		<Unit filename="Includes/PANTALLA.h" />
		<Unit filename="Sources/ENEMIGO.cpp" />
		<Unit filename="Sources/HEROE.cpp" />
		<Unit filename="Sources/MANAGER.cpp" />
		<Unit filename="Sources/MAPA.cpp" />
		<Unit filename="Sources/NPC.cpp" />
		<Unit filename="Sources/PANTALLA.cpp" />
		<Unit filename="main.cpp" />
		<Extensions />
	</Project>
</CodeBlocks_project_file>
